
Microsoft Visual Studio Solution File, Format Version 12.00
# Visual Studio Version 16
VisualStudioVersion = 16.0.30717.126
MinimumVisualStudioVersion = 10.0.40219.1
Project("{FAE04EC0-301F-11D3-BF4B-00C04F79EFBC}") = "Day4Solution", "Day4Solution\Day4Solution.csproj", "{488089FD-5558-436D-B692-E6088A48BD9F}"
EndProject
Global
	GlobalSection(SolutionConfigurationPlatforms) = preSolution
		Debug|Any CPU = Debug|Any CPU
		Release|Any CPU = Release|Any CPU
	EndGlobalSection
	GlobalSection(ProjectConfigurationPlatforms) = postSolution
		{488089FD-5558-436D-B692-E6088A48BD9F}.Debug|Any CPU.ActiveCfg = Debug|Any CPU
		{488089FD-5558-436D-B692-E6088A48BD9F}.Debug|Any CPU.Build.0 = Debug|Any CPU
		{488089FD-5558-436D-B692-E6088A48BD9F}.Release|Any CPU.ActiveCfg = Release|Any CPU
		{488089FD-5558-436D-B692-E6088A48BD9F}.Release|Any CPU.Build.0 = Release|Any CPU
	EndGlobalSection
	GlobalSection(SolutionProperties) = preSolution
		HideSolutionNode = FALSE
	EndGlobalSection
	GlobalSection(ExtensibilityGlobals) = postSolution
		SolutionGuid = {420F5D73-4F68-45D3-A51A-5A5A37711B6B}
	EndGlobalSection
EndGlobal
